// !$*UTF8*$!
{
	archiveVersion = 1;
	classes = {
	};
	objectVersion = 46;
	objects = {
/* Begin PBXBuildFile section */
		00E356F31AD99517003FC87E /* fastbreaknewTests.m in Sources */ = {isa = PBXBuildFile; fileRef = 00E356F21AD99517003FC87E /* fastbreaknewTests.m */; };
		0EDC8BEF4B0757198D494B5F /* libPods-fastbreaknew-tvOS.a in Frameworks */ = {isa = PBXBuildFile; fileRef = 59EE944FB845FEA146CC37E9 /* libPods-fastbreaknew-tvOS.a */; };
		13B07FBC1A68108700A75B9A /* AppDelegate.m in Sources */ = {isa = PBXBuildFile; fileRef = 13B07FB01A68108700A75B9A /* AppDelegate.m */; };
		13B07FBD1A68108700A75B9A /* LaunchScreen.xib in Resources */ = {isa = PBXBuildFile; fileRef = 13B07FB11A68108700A75B9A /* LaunchScreen.xib */; };
		13B07FBF1A68108700A75B9A /* Images.xcassets in Resources */ = {isa = PBXBuildFile; fileRef = 13B07FB51A68108700A75B9A /* Images.xcassets */; };
		13B07FC11A68108700A75B9A /* main.m in Sources */ = {isa = PBXBuildFile; fileRef = 13B07FB71A68108700A75B9A /* main.m */; };
		2D02E4BC1E0B4A80006451C7 /* AppDelegate.m in Sources */ = {isa = PBXBuildFile; fileRef = 13B07FB01A68108700A75B9A /* AppDelegate.m */; };
		2D02E4BD1E0B4A84006451C7 /* Images.xcassets in Resources */ = {isa = PBXBuildFile; fileRef = 13B07FB51A68108700A75B9A /* Images.xcassets */; };
		2D02E4BF1E0B4AB3006451C7 /* main.m in Sources */ = {isa = PBXBuildFile; fileRef = 13B07FB71A68108700A75B9A /* main.m */; };
		2DCD954D1E0B4F2C00145EB5 /* fastbreaknewTests.m in Sources */ = {isa = PBXBuildFile; fileRef = 00E356F21AD99517003FC87E /* fastbreaknewTests.m */; };
		7DE14991ECA55FE7A6054274 /* libPods-fastbreaknew-tvOSTests.a in Frameworks */ = {isa = PBXBuildFile; fileRef = F1445FC1A636385775A77564 /* libPods-fastbreaknew-tvOSTests.a */; };
		B3E83DD5E7CA0F5E5EC16FB2 /* libPods-fastbreaknew.a in Frameworks */ = {isa = PBXBuildFile; fileRef = C908F6A752C52294D29C7B53 /* libPods-fastbreaknew.a */; };
		F59E9C420467ED86C051FB6B /* libPods-fastbreaknewTests.a in Frameworks */ = {isa = PBXBuildFile; fileRef = 80E4BDD28CE855FCDFD8541E /* libPods-fastbreaknewTests.a */; };
		7DB23A4E9970412F94764952 /* SF-Pro-Display-Black.otf in Resources */ = {isa = PBXBuildFile; fileRef = 536B4A74FE6141A5A9A42683 /* SF-Pro-Display-Black.otf */; };
		268CE1BCD78148C08B8E2C13 /* SF-Pro-Display-BlackItalic.otf in Resources */ = {isa = PBXBuildFile; fileRef = 46724D3FA9834C4B8EA29BCF /* SF-Pro-Display-BlackItalic.otf */; };
		C9994929C6664E1CBEFFB0F6 /* SF-Pro-Display-Bold.otf in Resources */ = {isa = PBXBuildFile; fileRef = 995882D9A2BD4F11B7C54156 /* SF-Pro-Display-Bold.otf */; };
		A929601249FC478782D15703 /* SF-Pro-Display-BoldItalic.otf in Resources */ = {isa = PBXBuildFile; fileRef = E7685DC2A6A749F7956E2C78 /* SF-Pro-Display-BoldItalic.otf */; };
		93953FFDDC714CFD87062887 /* SF-Pro-Display-Heavy.otf in Resources */ = {isa = PBXBuildFile; fileRef = 0CEFF498FE344B0BBCD9D19D /* SF-Pro-Display-Heavy.otf */; };
		B6624609D5B041C0B3DA70C7 /* SF-Pro-Display-HeavyItalic.otf in Resources */ = {isa = PBXBuildFile; fileRef = 71F4DBF5B4854A1BAD88886F /* SF-Pro-Display-HeavyItalic.otf */; };
		358CE8DC222644CEBB9911AE /* SF-Pro-Display-Light.otf in Resources */ = {isa = PBXBuildFile; fileRef = DFA1D0D83FCC469DA3F53CB4 /* SF-Pro-Display-Light.otf */; };
		2631907DDD6C4467B5C53604 /* SF-Pro-Display-LightItalic.otf in Resources */ = {isa = PBXBuildFile; fileRef = FA41BC034FFE4822B90A7C48 /* SF-Pro-Display-LightItalic.otf */; };
		C3BA001315F1451F8E3361C1 /* SF-Pro-Display-Medium.otf in Resources */ = {isa = PBXBuildFile; fileRef = 4D472936A0EC40729C32D859 /* SF-Pro-Display-Medium.otf */; };
		36C2FA64EFCE484B89C4744B /* SF-Pro-Display-MediumItalic.otf in Resources */ = {isa = PBXBuildFile; fileRef = 518F7C2846AF4E81B42B4B4A /* SF-Pro-Display-MediumItalic.otf */; };
		FC8AC5FC3874479EB5E78D8B /* SF-Pro-Display-Regular.otf in Resources */ = {isa = PBXBuildFile; fileRef = EA1BAAFA957A47E4905A1647 /* SF-Pro-Display-Regular.otf */; };
		2847A921F1DF42D693B298A6 /* SF-Pro-Display-RegularItalic.otf in Resources */ = {isa = PBXBuildFile; fileRef = A96C2FEEAEA848C49F03C356 /* SF-Pro-Display-RegularItalic.otf */; };
		D6D3528EC8654EC2BD315AB0 /* SF-Pro-Display-Semibold.otf in Resources */ = {isa = PBXBuildFile; fileRef = 21AC5F8401B94E8DBDACBD98 /* SF-Pro-Display-Semibold.otf */; };
		BA4108CE75BC4DC28FA2F3D4 /* SF-Pro-Display-SemiboldItalic.otf in Resources */ = {isa = PBXBuildFile; fileRef = FF7986309A70463CA862C1F1 /* SF-Pro-Display-SemiboldItalic.otf */; };
		0B25382E87B548FDB3E9B6C6 /* SF-Pro-Display-Thin.otf in Resources */ = {isa = PBXBuildFile; fileRef = F81D59D2691D41288EB8F461 /* SF-Pro-Display-Thin.otf */; };
		7276C17868024E3A87330C27 /* SF-Pro-Display-ThinItalic.otf in Resources */ = {isa = PBXBuildFile; fileRef = E00DE924D63E4E149E43A453 /* SF-Pro-Display-ThinItalic.otf */; };
		C20085EA67F44B508A903778 /* SF-Pro-Display-Ultralight.otf in Resources */ = {isa = PBXBuildFile; fileRef = AAD7C254957549CBAFA5F019 /* SF-Pro-Display-Ultralight.otf */; };
		AD58CE4A482A436183183ACA /* SF-Pro-Display-UltralightItalic.otf in Resources */ = {isa = PBXBuildFile; fileRef = 96D185E24DA2494CB61E1F53 /* SF-Pro-Display-UltralightItalic.otf */; };
		1DB30396EC5C4A8DB0D1457F /* AntDesign.ttf in Resources */ = {isa = PBXBuildFile; fileRef = 9D6084C786FC4A2EA7C3DA77 /* AntDesign.ttf */; };
		5AF6BCB692FC4AAB9D716A32 /* Entypo.ttf in Resources */ = {isa = PBXBuildFile; fileRef = BEE5963B8279441EB373DE19 /* Entypo.ttf */; };
		5EAC435FF37C48D08F7D72C9 /* EvilIcons.ttf in Resources */ = {isa = PBXBuildFile; fileRef = 57D8E977E6B1485A85C5EDAF /* EvilIcons.ttf */; };
		4CAF57BB50D54B19ADFB45D9 /* Feather.ttf in Resources */ = {isa = PBXBuildFile; fileRef = 537D092C164F47DE865556F2 /* Feather.ttf */; };
		7502F867C3464B8DBC22E24C /* FontAwesome.ttf in Resources */ = {isa = PBXBuildFile; fileRef = A28A7773166E4E12B9C2B6C5 /* FontAwesome.ttf */; };
		0612E17EA8BB4033AAFB3A48 /* FontAwesome5_Brands.ttf in Resources */ = {isa = PBXBuildFile; fileRef = 9245E922826546FD9919A2DA /* FontAwesome5_Brands.ttf */; };
		CC952F6654364F4EA3ABA679 /* FontAwesome5_Regular.ttf in Resources */ = {isa = PBXBuildFile; fileRef = 3BDF4A00657C451AB361DE42 /* FontAwesome5_Regular.ttf */; };
		861023A1EE23423C940F9EEC /* FontAwesome5_Solid.ttf in Resources */ = {isa = PBXBuildFile; fileRef = D50F7C183AD540C7B148A4C1 /* FontAwesome5_Solid.ttf */; };
		405C14CBECF4422681773B13 /* Fontisto.ttf in Resources */ = {isa = PBXBuildFile; fileRef = B1E2649899FD4B8388259C3F /* Fontisto.ttf */; };
		145BF0CC5D844BB1B3DA6B19 /* Foundation.ttf in Resources */ = {isa = PBXBuildFile; fileRef = 8298186ADDE74E5A849AD49C /* Foundation.ttf */; };
		1ABA9A467FCC4201B921DAF1 /* Ionicons.ttf in Resources */ = {isa = PBXBuildFile; fileRef = A0495B0BA6D54DB2955A4C17 /* Ionicons.ttf */; };
		CE32DE5462604A5186FE64FB /* MaterialCommunityIcons.ttf in Resources */ = {isa = PBXBuildFile; fileRef = 0FF4854FF88544148416ABE0 /* MaterialCommunityIcons.ttf */; };
		73841D3EABBB443E8F3958E9 /* MaterialIcons.ttf in Resources */ = {isa = PBXBuildFile; fileRef = FCDF3648B2314E04B7DF495F /* MaterialIcons.ttf */; };
		5475C371B598478482EB6243 /* Octicons.ttf in Resources */ = {isa = PBXBuildFile; fileRef = 60BA840BA6C248258F6934AB /* Octicons.ttf */; };
		D4AE7F27C7EF40B9B876CA44 /* SimpleLineIcons.ttf in Resources */ = {isa = PBXBuildFile; fileRef = 704D084573B14780A9F40BC3 /* SimpleLineIcons.ttf */; };
		4415E2F5B4E94C92BAD177D7 /* Zocial.ttf in Resources */ = {isa = PBXBuildFile; fileRef = D6F19F0442A146ECBD78BA75 /* Zocial.ttf */; };
		FB248044821A4F10ADAD5499 /* Helvetica-Bold-Condensed.ttf in Resources */ = {isa = PBXBuildFile; fileRef = 9329CFC856834B1E81C3A4DA /* Helvetica-Bold-Condensed.ttf */; };
		B006C0BABBC54D14A03F0D96 /* Helvetica-Bold.ttf in Resources */ = {isa = PBXBuildFile; fileRef = 1694AB14DB204E33BC15926F /* Helvetica-Bold.ttf */; };
		0A593BAC26B44F31BCD57C8D /* Helvetica-Light.ttf in Resources */ = {isa = PBXBuildFile; fileRef = 6C1F14202EA74E8C9EDE1791 /* Helvetica-Light.ttf */; };
		3747A01D2F9E4250A8267903 /* Helvetica-Medium.ttf in Resources */ = {isa = PBXBuildFile; fileRef = 12DBED5CDE21444DBD7BFE81 /* Helvetica-Medium.ttf */; };
		A133713D61FE49EF8FEEF193 /* HelveticaNeue Thin.ttf in Resources */ = {isa = PBXBuildFile; fileRef = 81FCFA6ED14A418BAE5EB80F /* HelveticaNeue Thin.ttf */; };
		B3B653BE1674441B8C3BFF21 /* HelveticaNeueBd.ttf in Resources */ = {isa = PBXBuildFile; fileRef = 417C988FC1F54731BBE7C8B0 /* HelveticaNeueBd.ttf */; };
		8C7707CADBB545E1AE4EAE64 /* HelveticaNeueHv.ttf in Resources */ = {isa = PBXBuildFile; fileRef = 2CE65ABE16B24C2290FEAB7B /* HelveticaNeueHv.ttf */; };
		F60AECF49A684CEBA7E1AF84 /* HelveticaNeueIt.ttf in Resources */ = {isa = PBXBuildFile; fileRef = AC405406CD254937B376FAB9 /* HelveticaNeueIt.ttf */; };
		5B224A8CCF16409B938D4D70 /* HelveticaNeueLt.ttf in Resources */ = {isa = PBXBuildFile; fileRef = 11DB01034C70427DB4E70164 /* HelveticaNeueLt.ttf */; };
		7AC3BF483FA34B6987B1E0F2 /* HelveticaNeueMed.ttf in Resources */ = {isa = PBXBuildFile; fileRef = 547CB7A2B4C94A1FB4203C7D /* HelveticaNeueMed.ttf */; };
/* End PBXBuildFile section */

/* Begin PBXContainerItemProxy section */
		00E356F41AD99517003FC87E /* PBXContainerItemProxy */ = {
			isa = PBXContainerItemProxy;
			containerPortal = 83CBB9F71A601CBA00E9B192 /* Project object */;
			proxyType = 1;
			remoteGlobalIDString = 13B07F861A680F5B00A75B9A;
			remoteInfo = fastbreaknew;
		};
		2D02E4911E0B4A5D006451C7 /* PBXContainerItemProxy */ = {
			isa = PBXContainerItemProxy;
			containerPortal = 83CBB9F71A601CBA00E9B192 /* Project object */;
			proxyType = 1;
			remoteGlobalIDString = 2D02E47A1E0B4A5D006451C7;
			remoteInfo = "fastbreaknew-tvOS";
		};
/* End PBXContainerItemProxy section */

/* Begin PBXFileReference section */
		008F07F21AC5B25A0029DE68 /* main.jsbundle */ = {isa = PBXFileReference; fileEncoding = 4; lastKnownFileType = text; path = main.jsbundle; sourceTree = "<group>"; };
		00E356EE1AD99517003FC87E /* fastbreaknewTests.xctest */ = {isa = PBXFileReference; explicitFileType = wrapper.cfbundle; includeInIndex = 0; path = fastbreaknewTests.xctest; sourceTree = BUILT_PRODUCTS_DIR; };
		00E356F11AD99517003FC87E /* Info.plist */ = {isa = PBXFileReference; lastKnownFileType = text.plist.xml; path = Info.plist; sourceTree = "<group>"; };
		00E356F21AD99517003FC87E /* fastbreaknewTests.m */ = {isa = PBXFileReference; lastKnownFileType = sourcecode.c.objc; path = fastbreaknewTests.m; sourceTree = "<group>"; };
		13B07F961A680F5B00A75B9A /* fastbreaknew.app */ = {isa = PBXFileReference; explicitFileType = wrapper.application; includeInIndex = 0; path = fastbreaknew.app; sourceTree = BUILT_PRODUCTS_DIR; };
		13B07FAF1A68108700A75B9A /* AppDelegate.h */ = {isa = PBXFileReference; fileEncoding = 4; lastKnownFileType = sourcecode.c.h; name = AppDelegate.h; path = fastbreaknew/AppDelegate.h; sourceTree = "<group>"; };
		13B07FB01A68108700A75B9A /* AppDelegate.m */ = {isa = PBXFileReference; fileEncoding = 4; lastKnownFileType = sourcecode.c.objc; name = AppDelegate.m; path = fastbreaknew/AppDelegate.m; sourceTree = "<group>"; };
		13B07FB21A68108700A75B9A /* Base */ = {isa = PBXFileReference; lastKnownFileType = file.xib; name = Base; path = Base.lproj/LaunchScreen.xib; sourceTree = "<group>"; };
		13B07FB51A68108700A75B9A /* Images.xcassets */ = {isa = PBXFileReference; lastKnownFileType = folder.assetcatalog; name = Images.xcassets; path = fastbreaknew/Images.xcassets; sourceTree = "<group>"; };
		13B07FB61A68108700A75B9A /* Info.plist */ = {isa = PBXFileReference; fileEncoding = 4; lastKnownFileType = text.plist.xml; name = Info.plist; path = fastbreaknew/Info.plist; sourceTree = "<group>"; };
		13B07FB71A68108700A75B9A /* main.m */ = {isa = PBXFileReference; fileEncoding = 4; lastKnownFileType = sourcecode.c.objc; name = main.m; path = fastbreaknew/main.m; sourceTree = "<group>"; };
		15154C6547C214CE4D1989AC /* Pods-fastbreaknew.release.xcconfig */ = {isa = PBXFileReference; includeInIndex = 1; lastKnownFileType = text.xcconfig; name = "Pods-fastbreaknew.release.xcconfig"; path = "Target Support Files/Pods-fastbreaknew/Pods-fastbreaknew.release.xcconfig"; sourceTree = "<group>"; };
		1D3764B7029CC50548071A35 /* Pods-fastbreaknew.debug.xcconfig */ = {isa = PBXFileReference; includeInIndex = 1; lastKnownFileType = text.xcconfig; name = "Pods-fastbreaknew.debug.xcconfig"; path = "Target Support Files/Pods-fastbreaknew/Pods-fastbreaknew.debug.xcconfig"; sourceTree = "<group>"; };
		2D02E47B1E0B4A5D006451C7 /* fastbreaknew-tvOS.app */ = {isa = PBXFileReference; explicitFileType = wrapper.application; includeInIndex = 0; path = "fastbreaknew-tvOS.app"; sourceTree = BUILT_PRODUCTS_DIR; };
		2D02E4901E0B4A5D006451C7 /* fastbreaknew-tvOSTests.xctest */ = {isa = PBXFileReference; explicitFileType = wrapper.cfbundle; includeInIndex = 0; path = "fastbreaknew-tvOSTests.xctest"; sourceTree = BUILT_PRODUCTS_DIR; };
		30B4713FCC6755829AABE5F7 /* Pods-fastbreaknewTests.release.xcconfig */ = {isa = PBXFileReference; includeInIndex = 1; lastKnownFileType = text.xcconfig; name = "Pods-fastbreaknewTests.release.xcconfig"; path = "Target Support Files/Pods-fastbreaknewTests/Pods-fastbreaknewTests.release.xcconfig"; sourceTree = "<group>"; };
		59EE944FB845FEA146CC37E9 /* libPods-fastbreaknew-tvOS.a */ = {isa = PBXFileReference; explicitFileType = archive.ar; includeInIndex = 0; path = "libPods-fastbreaknew-tvOS.a"; sourceTree = BUILT_PRODUCTS_DIR; };
		5A13B0CB64B7BFDA8BA91CB1 /* Pods-fastbreaknew-tvOSTests.debug.xcconfig */ = {isa = PBXFileReference; includeInIndex = 1; lastKnownFileType = text.xcconfig; name = "Pods-fastbreaknew-tvOSTests.debug.xcconfig"; path = "Target Support Files/Pods-fastbreaknew-tvOSTests/Pods-fastbreaknew-tvOSTests.debug.xcconfig"; sourceTree = "<group>"; };
		62D3E5D3AEBC2E442D11016A /* Pods-fastbreaknew-tvOS.release.xcconfig */ = {isa = PBXFileReference; includeInIndex = 1; lastKnownFileType = text.xcconfig; name = "Pods-fastbreaknew-tvOS.release.xcconfig"; path = "Target Support Files/Pods-fastbreaknew-tvOS/Pods-fastbreaknew-tvOS.release.xcconfig"; sourceTree = "<group>"; };
		80E4BDD28CE855FCDFD8541E /* libPods-fastbreaknewTests.a */ = {isa = PBXFileReference; explicitFileType = archive.ar; includeInIndex = 0; path = "libPods-fastbreaknewTests.a"; sourceTree = BUILT_PRODUCTS_DIR; };
		B484898EB69422BBFEA8E415 /* Pods-fastbreaknew-tvOSTests.release.xcconfig */ = {isa = PBXFileReference; includeInIndex = 1; lastKnownFileType = text.xcconfig; name = "Pods-fastbreaknew-tvOSTests.release.xcconfig"; path = "Target Support Files/Pods-fastbreaknew-tvOSTests/Pods-fastbreaknew-tvOSTests.release.xcconfig"; sourceTree = "<group>"; };
		C908F6A752C52294D29C7B53 /* libPods-fastbreaknew.a */ = {isa = PBXFileReference; explicitFileType = archive.ar; includeInIndex = 0; path = "libPods-fastbreaknew.a"; sourceTree = BUILT_PRODUCTS_DIR; };
		D8E1BD2612E0D3EEA4CD0A20 /* Pods-fastbreaknew-tvOS.debug.xcconfig */ = {isa = PBXFileReference; includeInIndex = 1; lastKnownFileType = text.xcconfig; name = "Pods-fastbreaknew-tvOS.debug.xcconfig"; path = "Target Support Files/Pods-fastbreaknew-tvOS/Pods-fastbreaknew-tvOS.debug.xcconfig"; sourceTree = "<group>"; };
		DEE443891A71FCC576A0F96C /* Pods-fastbreaknewTests.debug.xcconfig */ = {isa = PBXFileReference; includeInIndex = 1; lastKnownFileType = text.xcconfig; name = "Pods-fastbreaknewTests.debug.xcconfig"; path = "Target Support Files/Pods-fastbreaknewTests/Pods-fastbreaknewTests.debug.xcconfig"; sourceTree = "<group>"; };
		ED297162215061F000B7C4FE /* JavaScriptCore.framework */ = {isa = PBXFileReference; lastKnownFileType = wrapper.framework; name = JavaScriptCore.framework; path = System/Library/Frameworks/JavaScriptCore.framework; sourceTree = SDKROOT; };
		ED2971642150620600B7C4FE /* JavaScriptCore.framework */ = {isa = PBXFileReference; lastKnownFileType = wrapper.framework; name = JavaScriptCore.framework; path = Platforms/AppleTVOS.platform/Developer/SDKs/AppleTVOS12.0.sdk/System/Library/Frameworks/JavaScriptCore.framework; sourceTree = DEVELOPER_DIR; };
		F1445FC1A636385775A77564 /* libPods-fastbreaknew-tvOSTests.a */ = {isa = PBXFileReference; explicitFileType = archive.ar; includeInIndex = 0; path = "libPods-fastbreaknew-tvOSTests.a"; sourceTree = BUILT_PRODUCTS_DIR; };
		536B4A74FE6141A5A9A42683 /* SF-Pro-Display-Black.otf */ = {isa = PBXFileReference; name = "SF-Pro-Display-Black.otf"; path = "../assets/fonts/SF-Pro-Display-Black.otf"; sourceTree = "<group>"; fileEncoding = undefined; lastKnownFileType = unknown; explicitFileType = undefined; includeInIndex = 0; };
		46724D3FA9834C4B8EA29BCF /* SF-Pro-Display-BlackItalic.otf */ = {isa = PBXFileReference; name = "SF-Pro-Display-BlackItalic.otf"; path = "../assets/fonts/SF-Pro-Display-BlackItalic.otf"; sourceTree = "<group>"; fileEncoding = undefined; lastKnownFileType = unknown; explicitFileType = undefined; includeInIndex = 0; };
		995882D9A2BD4F11B7C54156 /* SF-Pro-Display-Bold.otf */ = {isa = PBXFileReference; name = "SF-Pro-Display-Bold.otf"; path = "../assets/fonts/SF-Pro-Display-Bold.otf"; sourceTree = "<group>"; fileEncoding = undefined; lastKnownFileType = unknown; explicitFileType = undefined; includeInIndex = 0; };
		E7685DC2A6A749F7956E2C78 /* SF-Pro-Display-BoldItalic.otf */ = {isa = PBXFileReference; name = "SF-Pro-Display-BoldItalic.otf"; path = "../assets/fonts/SF-Pro-Display-BoldItalic.otf"; sourceTree = "<group>"; fileEncoding = undefined; lastKnownFileType = unknown; explicitFileType = undefined; includeInIndex = 0; };
		0CEFF498FE344B0BBCD9D19D /* SF-Pro-Display-Heavy.otf */ = {isa = PBXFileReference; name = "SF-Pro-Display-Heavy.otf"; path = "../assets/fonts/SF-Pro-Display-Heavy.otf"; sourceTree = "<group>"; fileEncoding = undefined; lastKnownFileType = unknown; explicitFileType = undefined; includeInIndex = 0; };
		71F4DBF5B4854A1BAD88886F /* SF-Pro-Display-HeavyItalic.otf */ = {isa = PBXFileReference; name = "SF-Pro-Display-HeavyItalic.otf"; path = "../assets/fonts/SF-Pro-Display-HeavyItalic.otf"; sourceTree = "<group>"; fileEncoding = undefined; lastKnownFileType = unknown; explicitFileType = undefined; includeInIndex = 0; };
		DFA1D0D83FCC469DA3F53CB4 /* SF-Pro-Display-Light.otf */ = {isa = PBXFileReference; name = "SF-Pro-Display-Light.otf"; path = "../assets/fonts/SF-Pro-Display-Light.otf"; sourceTree = "<group>"; fileEncoding = undefined; lastKnownFileType = unknown; explicitFileType = undefined; includeInIndex = 0; };
		FA41BC034FFE4822B90A7C48 /* SF-Pro-Display-LightItalic.otf */ = {isa = PBXFileReference; name = "SF-Pro-Display-LightItalic.otf"; path = "../assets/fonts/SF-Pro-Display-LightItalic.otf"; sourceTree = "<group>"; fileEncoding = undefined; lastKnownFileType = unknown; explicitFileType = undefined; includeInIndex = 0; };
		4D472936A0EC40729C32D859 /* SF-Pro-Display-Medium.otf */ = {isa = PBXFileReference; name = "SF-Pro-Display-Medium.otf"; path = "../assets/fonts/SF-Pro-Display-Medium.otf"; sourceTree = "<group>"; fileEncoding = undefined; lastKnownFileType = unknown; explicitFileType = undefined; includeInIndex = 0; };
		518F7C2846AF4E81B42B4B4A /* SF-Pro-Display-MediumItalic.otf */ = {isa = PBXFileReference; name = "SF-Pro-Display-MediumItalic.otf"; path = "../assets/fonts/SF-Pro-Display-MediumItalic.otf"; sourceTree = "<group>"; fileEncoding = undefined; lastKnownFileType = unknown; explicitFileType = undefined; includeInIndex = 0; };
		EA1BAAFA957A47E4905A1647 /* SF-Pro-Display-Regular.otf */ = {isa = PBXFileReference; name = "SF-Pro-Display-Regular.otf"; path = "../assets/fonts/SF-Pro-Display-Regular.otf"; sourceTree = "<group>"; fileEncoding = undefined; lastKnownFileType = unknown; explicitFileType = undefined; includeInIndex = 0; };
		A96C2FEEAEA848C49F03C356 /* SF-Pro-Display-RegularItalic.otf */ = {isa = PBXFileReference; name = "SF-Pro-Display-RegularItalic.otf"; path = "../assets/fonts/SF-Pro-Display-RegularItalic.otf"; sourceTree = "<group>"; fileEncoding = undefined; lastKnownFileType = unknown; explicitFileType = undefined; includeInIndex = 0; };
		21AC5F8401B94E8DBDACBD98 /* SF-Pro-Display-Semibold.otf */ = {isa = PBXFileReference; name = "SF-Pro-Display-Semibold.otf"; path = "../assets/fonts/SF-Pro-Display-Semibold.otf"; sourceTree = "<group>"; fileEncoding = undefined; lastKnownFileType = unknown; explicitFileType = undefined; includeInIndex = 0; };
		FF7986309A70463CA862C1F1 /* SF-Pro-Display-SemiboldItalic.otf */ = {isa = PBXFileReference; name = "SF-Pro-Display-SemiboldItalic.otf"; path = "../assets/fonts/SF-Pro-Display-SemiboldItalic.otf"; sourceTree = "<group>"; fileEncoding = undefined; lastKnownFileType = unknown; explicitFileType = undefined; includeInIndex = 0; };
		F81D59D2691D41288EB8F461 /* SF-Pro-Display-Thin.otf */ = {isa = PBXFileReference; name = "SF-Pro-Display-Thin.otf"; path = "../assets/fonts/SF-Pro-Display-Thin.otf"; sourceTree = "<group>"; fileEncoding = undefined; lastKnownFileType = unknown; explicitFileType = undefined; includeInIndex = 0; };
		E00DE924D63E4E149E43A453 /* SF-Pro-Display-ThinItalic.otf */ = {isa = PBXFileReference; name = "SF-Pro-Display-ThinItalic.otf"; path = "../assets/fonts/SF-Pro-Display-ThinItalic.otf"; sourceTree = "<group>"; fileEncoding = undefined; lastKnownFileType = unknown; explicitFileType = undefined; includeInIndex = 0; };
		AAD7C254957549CBAFA5F019 /* SF-Pro-Display-Ultralight.otf */ = {isa = PBXFileReference; name = "SF-Pro-Display-Ultralight.otf"; path = "../assets/fonts/SF-Pro-Display-Ultralight.otf"; sourceTree = "<group>"; fileEncoding = undefined; lastKnownFileType = unknown; explicitFileType = undefined; includeInIndex = 0; };
		96D185E24DA2494CB61E1F53 /* SF-Pro-Display-UltralightItalic.otf */ = {isa = PBXFileReference; name = "SF-Pro-Display-UltralightItalic.otf"; path = "../assets/fonts/SF-Pro-Display-UltralightItalic.otf"; sourceTree = "<group>"; fileEncoding = undefined; lastKnownFileType = unknown; explicitFileType = undefined; includeInIndex = 0; };
		9D6084C786FC4A2EA7C3DA77 /* AntDesign.ttf */ = {isa = PBXFileReference; name = "AntDesign.ttf"; path = "../node_modules/react-native-vector-icons/Fonts/AntDesign.ttf"; sourceTree = "<group>"; fileEncoding = undefined; lastKnownFileType = unknown; explicitFileType = undefined; includeInIndex = 0; };
		BEE5963B8279441EB373DE19 /* Entypo.ttf */ = {isa = PBXFileReference; name = "Entypo.ttf"; path = "../node_modules/react-native-vector-icons/Fonts/Entypo.ttf"; sourceTree = "<group>"; fileEncoding = undefined; lastKnownFileType = unknown; explicitFileType = undefined; includeInIndex = 0; };
		57D8E977E6B1485A85C5EDAF /* EvilIcons.ttf */ = {isa = PBXFileReference; name = "EvilIcons.ttf"; path = "../node_modules/react-native-vector-icons/Fonts/EvilIcons.ttf"; sourceTree = "<group>"; fileEncoding = undefined; lastKnownFileType = unknown; explicitFileType = undefined; includeInIndex = 0; };
		537D092C164F47DE865556F2 /* Feather.ttf */ = {isa = PBXFileReference; name = "Feather.ttf"; path = "../node_modules/react-native-vector-icons/Fonts/Feather.ttf"; sourceTree = "<group>"; fileEncoding = undefined; lastKnownFileType = unknown; explicitFileType = undefined; includeInIndex = 0; };
		A28A7773166E4E12B9C2B6C5 /* FontAwesome.ttf */ = {isa = PBXFileReference; name = "FontAwesome.ttf"; path = "../node_modules/react-native-vector-icons/Fonts/FontAwesome.ttf"; sourceTree = "<group>"; fileEncoding = undefined; lastKnownFileType = unknown; explicitFileType = undefined; includeInIndex = 0; };
		9245E922826546FD9919A2DA /* FontAwesome5_Brands.ttf */ = {isa = PBXFileReference; name = "FontAwesome5_Brands.ttf"; path = "../node_modules/react-native-vector-icons/Fonts/FontAwesome5_Brands.ttf"; sourceTree = "<group>"; fileEncoding = undefined; lastKnownFileType = unknown; explicitFileType = undefined; includeInIndex = 0; };
		3BDF4A00657C451AB361DE42 /* FontAwesome5_Regular.ttf */ = {isa = PBXFileReference; name = "FontAwesome5_Regular.ttf"; path = "../node_modules/react-native-vector-icons/Fonts/FontAwesome5_Regular.ttf"; sourceTree = "<group>"; fileEncoding = undefined; lastKnownFileType = unknown; explicitFileType = undefined; includeInIndex = 0; };
		D50F7C183AD540C7B148A4C1 /* FontAwesome5_Solid.ttf */ = {isa = PBXFileReference; name = "FontAwesome5_Solid.ttf"; path = "../node_modules/react-native-vector-icons/Fonts/FontAwesome5_Solid.ttf"; sourceTree = "<group>"; fileEncoding = undefined; lastKnownFileType = unknown; explicitFileType = undefined; includeInIndex = 0; };
		B1E2649899FD4B8388259C3F /* Fontisto.ttf */ = {isa = PBXFileReference; name = "Fontisto.ttf"; path = "../node_modules/react-native-vector-icons/Fonts/Fontisto.ttf"; sourceTree = "<group>"; fileEncoding = undefined; lastKnownFileType = unknown; explicitFileType = undefined; includeInIndex = 0; };
		8298186ADDE74E5A849AD49C /* Foundation.ttf */ = {isa = PBXFileReference; name = "Foundation.ttf"; path = "../node_modules/react-native-vector-icons/Fonts/Foundation.ttf"; sourceTree = "<group>"; fileEncoding = undefined; lastKnownFileType = unknown; explicitFileType = undefined; includeInIndex = 0; };
		A0495B0BA6D54DB2955A4C17 /* Ionicons.ttf */ = {isa = PBXFileReference; name = "Ionicons.ttf"; path = "../node_modules/react-native-vector-icons/Fonts/Ionicons.ttf"; sourceTree = "<group>"; fileEncoding = undefined; lastKnownFileType = unknown; explicitFileType = undefined; includeInIndex = 0; };
		0FF4854FF88544148416ABE0 /* MaterialCommunityIcons.ttf */ = {isa = PBXFileReference; name = "MaterialCommunityIcons.ttf"; path = "../node_modules/react-native-vector-icons/Fonts/MaterialCommunityIcons.ttf"; sourceTree = "<group>"; fileEncoding = undefined; lastKnownFileType = unknown; explicitFileType = undefined; includeInIndex = 0; };
		FCDF3648B2314E04B7DF495F /* MaterialIcons.ttf */ = {isa = PBXFileReference; name = "MaterialIcons.ttf"; path = "../node_modules/react-native-vector-icons/Fonts/MaterialIcons.ttf"; sourceTree = "<group>"; fileEncoding = undefined; lastKnownFileType = unknown; explicitFileType = undefined; includeInIndex = 0; };
		60BA840BA6C248258F6934AB /* Octicons.ttf */ = {isa = PBXFileReference; name = "Octicons.ttf"; path = "../node_modules/react-native-vector-icons/Fonts/Octicons.ttf"; sourceTree = "<group>"; fileEncoding = undefined; lastKnownFileType = unknown; explicitFileType = undefined; includeInIndex = 0; };
		704D084573B14780A9F40BC3 /* SimpleLineIcons.ttf */ = {isa = PBXFileReference; name = "SimpleLineIcons.ttf"; path = "../node_modules/react-native-vector-icons/Fonts/SimpleLineIcons.ttf"; sourceTree = "<group>"; fileEncoding = undefined; lastKnownFileType = unknown; explicitFileType = undefined; includeInIndex = 0; };
		D6F19F0442A146ECBD78BA75 /* Zocial.ttf */ = {isa = PBXFileReference; name = "Zocial.ttf"; path = "../node_modules/react-native-vector-icons/Fonts/Zocial.ttf"; sourceTree = "<group>"; fileEncoding = undefined; lastKnownFileType = unknown; explicitFileType = undefined; includeInIndex = 0; };
		9329CFC856834B1E81C3A4DA /* Helvetica-Bold-Condensed.ttf */ = {isa = PBXFileReference; name = "Helvetica-Bold-Condensed.ttf"; path = "../assets/fonts/Helvetica-Bold-Condensed.ttf"; sourceTree = "<group>"; fileEncoding = undefined; lastKnownFileType = unknown; explicitFileType = undefined; includeInIndex = 0; };
		1694AB14DB204E33BC15926F /* Helvetica-Bold.ttf */ = {isa = PBXFileReference; name = "Helvetica-Bold.ttf"; path = "../assets/fonts/Helvetica-Bold.ttf"; sourceTree = "<group>"; fileEncoding = undefined; lastKnownFileType = unknown; explicitFileType = undefined; includeInIndex = 0; };
		6C1F14202EA74E8C9EDE1791 /* Helvetica-Light.ttf */ = {isa = PBXFileReference; name = "Helvetica-Light.ttf"; path = "../assets/fonts/Helvetica-Light.ttf"; sourceTree = "<group>"; fileEncoding = undefined; lastKnownFileType = unknown; explicitFileType = undefined; includeInIndex = 0; };
		12DBED5CDE21444DBD7BFE81 /* Helvetica-Medium.ttf */ = {isa = PBXFileReference; name = "Helvetica-Medium.ttf"; path = "../assets/fonts/Helvetica-Medium.ttf"; sourceTree = "<group>"; fileEncoding = undefined; lastKnownFileType = unknown; explicitFileType = undefined; includeInIndex = 0; };
		81FCFA6ED14A418BAE5EB80F /* HelveticaNeue Thin.ttf */ = {isa = PBXFileReference; name = "HelveticaNeue Thin.ttf"; path = "../assets/fonts/HelveticaNeue Thin.ttf"; sourceTree = "<group>"; fileEncoding = undefined; lastKnownFileType = unknown; explicitFileType = undefined; includeInIndex = 0; };
		417C988FC1F54731BBE7C8B0 /* HelveticaNeueBd.ttf */ = {isa = PBXFileReference; name = "HelveticaNeueBd.ttf"; path = "../assets/fonts/HelveticaNeueBd.ttf"; sourceTree = "<group>"; fileEncoding = undefined; lastKnownFileType = unknown; explicitFileType = undefined; includeInIndex = 0; };
		2CE65ABE16B24C2290FEAB7B /* HelveticaNeueHv.ttf */ = {isa = PBXFileReference; name = "HelveticaNeueHv.ttf"; path = "../assets/fonts/HelveticaNeueHv.ttf"; sourceTree = "<group>"; fileEncoding = undefined; lastKnownFileType = unknown; explicitFileType = undefined; includeInIndex = 0; };
		AC405406CD254937B376FAB9 /* HelveticaNeueIt.ttf */ = {isa = PBXFileReference; name = "HelveticaNeueIt.ttf"; path = "../assets/fonts/HelveticaNeueIt.ttf"; sourceTree = "<group>"; fileEncoding = undefined; lastKnownFileType = unknown; explicitFileType = undefined; includeInIndex = 0; };
		11DB01034C70427DB4E70164 /* HelveticaNeueLt.ttf */ = {isa = PBXFileReference; name = "HelveticaNeueLt.ttf"; path = "../assets/fonts/HelveticaNeueLt.ttf"; sourceTree = "<group>"; fileEncoding = undefined; lastKnownFileType = unknown; explicitFileType = undefined; includeInIndex = 0; };
		547CB7A2B4C94A1FB4203C7D /* HelveticaNeueMed.ttf */ = {isa = PBXFileReference; name = "HelveticaNeueMed.ttf"; path = "../assets/fonts/HelveticaNeueMed.ttf"; sourceTree = "<group>"; fileEncoding = undefined; lastKnownFileType = unknown; explicitFileType = undefined; includeInIndex = 0; };
/* End PBXFileReference section */

/* Begin PBXFrameworksBuildPhase section */
		00E356EB1AD99517003FC87E /* Frameworks */ = {
			isa = PBXFrameworksBuildPhase;
			buildActionMask = 2147483647;
			files = (
				F59E9C420467ED86C051FB6B /* libPods-fastbreaknewTests.a in Frameworks */,
			);
			runOnlyForDeploymentPostprocessing = 0;
		};
		13B07F8C1A680F5B00A75B9A /* Frameworks */ = {
			isa = PBXFrameworksBuildPhase;
			buildActionMask = 2147483647;
			files = (
				B3E83DD5E7CA0F5E5EC16FB2 /* libPods-fastbreaknew.a in Frameworks */,
			);
			runOnlyForDeploymentPostprocessing = 0;
		};
		2D02E4781E0B4A5D006451C7 /* Frameworks */ = {
			isa = PBXFrameworksBuildPhase;
			buildActionMask = 2147483647;
			files = (
				0EDC8BEF4B0757198D494B5F /* libPods-fastbreaknew-tvOS.a in Frameworks */,
			);
			runOnlyForDeploymentPostprocessing = 0;
		};
		2D02E48D1E0B4A5D006451C7 /* Frameworks */ = {
			isa = PBXFrameworksBuildPhase;
			buildActionMask = 2147483647;
			files = (
				7DE14991ECA55FE7A6054274 /* libPods-fastbreaknew-tvOSTests.a in Frameworks */,
			);
			runOnlyForDeploymentPostprocessing = 0;
		};
/* End PBXFrameworksBuildPhase section */

/* Begin PBXGroup section */
		00E356EF1AD99517003FC87E /* fastbreaknewTests */ = {
			isa = PBXGroup;
			children = (
				00E356F21AD99517003FC87E /* fastbreaknewTests.m */,
				00E356F01AD99517003FC87E /* Supporting Files */,
			);
			path = fastbreaknewTests;
			sourceTree = "<group>";
		};
		00E356F01AD99517003FC87E /* Supporting Files */ = {
			isa = PBXGroup;
			children = (
				00E356F11AD99517003FC87E /* Info.plist */,
			);
			name = "Supporting Files";
			sourceTree = "<group>";
		};
		13B07FAE1A68108700A75B9A /* fastbreaknew */ = {
			isa = PBXGroup;
			children = (
				008F07F21AC5B25A0029DE68 /* main.jsbundle */,
				13B07FAF1A68108700A75B9A /* AppDelegate.h */,
				13B07FB01A68108700A75B9A /* AppDelegate.m */,
				13B07FB51A68108700A75B9A /* Images.xcassets */,
				13B07FB61A68108700A75B9A /* Info.plist */,
				13B07FB11A68108700A75B9A /* LaunchScreen.xib */,
				13B07FB71A68108700A75B9A /* main.m */,
			);
			name = fastbreaknew;
			sourceTree = "<group>";
		};
		2D16E6871FA4F8E400B85C8A /* Frameworks */ = {
			isa = PBXGroup;
			children = (
				ED297162215061F000B7C4FE /* JavaScriptCore.framework */,
				ED2971642150620600B7C4FE /* JavaScriptCore.framework */,
				C908F6A752C52294D29C7B53 /* libPods-fastbreaknew.a */,
				59EE944FB845FEA146CC37E9 /* libPods-fastbreaknew-tvOS.a */,
				F1445FC1A636385775A77564 /* libPods-fastbreaknew-tvOSTests.a */,
				80E4BDD28CE855FCDFD8541E /* libPods-fastbreaknewTests.a */,
			);
			name = Frameworks;
			sourceTree = "<group>";
		};
		66A7BBB8B559AC0E79332C7C /* Pods */ = {
			isa = PBXGroup;
			children = (
				1D3764B7029CC50548071A35 /* Pods-fastbreaknew.debug.xcconfig */,
				15154C6547C214CE4D1989AC /* Pods-fastbreaknew.release.xcconfig */,
				D8E1BD2612E0D3EEA4CD0A20 /* Pods-fastbreaknew-tvOS.debug.xcconfig */,
				62D3E5D3AEBC2E442D11016A /* Pods-fastbreaknew-tvOS.release.xcconfig */,
				5A13B0CB64B7BFDA8BA91CB1 /* Pods-fastbreaknew-tvOSTests.debug.xcconfig */,
				B484898EB69422BBFEA8E415 /* Pods-fastbreaknew-tvOSTests.release.xcconfig */,
				DEE443891A71FCC576A0F96C /* Pods-fastbreaknewTests.debug.xcconfig */,
				30B4713FCC6755829AABE5F7 /* Pods-fastbreaknewTests.release.xcconfig */,
			);
			name = Pods;
			path = Pods;
			sourceTree = "<group>";
		};
		832341AE1AAA6A7D00B99B32 /* Libraries */ = {
			isa = PBXGroup;
			children = (
			);
			name = Libraries;
			sourceTree = "<group>";
		};
		83CBB9F61A601CBA00E9B192 = {
			isa = PBXGroup;
			children = (
				13B07FAE1A68108700A75B9A /* fastbreaknew */,
				832341AE1AAA6A7D00B99B32 /* Libraries */,
				00E356EF1AD99517003FC87E /* fastbreaknewTests */,
				83CBBA001A601CBA00E9B192 /* Products */,
				2D16E6871FA4F8E400B85C8A /* Frameworks */,
				66A7BBB8B559AC0E79332C7C /* Pods */,
				9B555F7C5F114A84A31E193A /* Resources */,
			);
			indentWidth = 2;
			sourceTree = "<group>";
			tabWidth = 2;
			usesTabs = 0;
		};
		83CBBA001A601CBA00E9B192 /* Products */ = {
			isa = PBXGroup;
			children = (
				13B07F961A680F5B00A75B9A /* fastbreaknew.app */,
				00E356EE1AD99517003FC87E /* fastbreaknewTests.xctest */,
				2D02E47B1E0B4A5D006451C7 /* fastbreaknew-tvOS.app */,
				2D02E4901E0B4A5D006451C7 /* fastbreaknew-tvOSTests.xctest */,
			);
			name = Products;
			sourceTree = "<group>";
		};
		9B555F7C5F114A84A31E193A /* Resources */ = {
			isa = "PBXGroup";
			children = (
				536B4A74FE6141A5A9A42683 /* SF-Pro-Display-Black.otf */,
				46724D3FA9834C4B8EA29BCF /* SF-Pro-Display-BlackItalic.otf */,
				995882D9A2BD4F11B7C54156 /* SF-Pro-Display-Bold.otf */,
				E7685DC2A6A749F7956E2C78 /* SF-Pro-Display-BoldItalic.otf */,
				0CEFF498FE344B0BBCD9D19D /* SF-Pro-Display-Heavy.otf */,
				71F4DBF5B4854A1BAD88886F /* SF-Pro-Display-HeavyItalic.otf */,
				DFA1D0D83FCC469DA3F53CB4 /* SF-Pro-Display-Light.otf */,
				FA41BC034FFE4822B90A7C48 /* SF-Pro-Display-LightItalic.otf */,
				4D472936A0EC40729C32D859 /* SF-Pro-Display-Medium.otf */,
				518F7C2846AF4E81B42B4B4A /* SF-Pro-Display-MediumItalic.otf */,
				EA1BAAFA957A47E4905A1647 /* SF-Pro-Display-Regular.otf */,
				A96C2FEEAEA848C49F03C356 /* SF-Pro-Display-RegularItalic.otf */,
				21AC5F8401B94E8DBDACBD98 /* SF-Pro-Display-Semibold.otf */,
				FF7986309A70463CA862C1F1 /* SF-Pro-Display-SemiboldItalic.otf */,
				F81D59D2691D41288EB8F461 /* SF-Pro-Display-Thin.otf */,
				E00DE924D63E4E149E43A453 /* SF-Pro-Display-ThinItalic.otf */,
				AAD7C254957549CBAFA5F019 /* SF-Pro-Display-Ultralight.otf */,
				96D185E24DA2494CB61E1F53 /* SF-Pro-Display-UltralightItalic.otf */,
				9D6084C786FC4A2EA7C3DA77 /* AntDesign.ttf */,
				BEE5963B8279441EB373DE19 /* Entypo.ttf */,
				57D8E977E6B1485A85C5EDAF /* EvilIcons.ttf */,
				537D092C164F47DE865556F2 /* Feather.ttf */,
				A28A7773166E4E12B9C2B6C5 /* FontAwesome.ttf */,
				9245E922826546FD9919A2DA /* FontAwesome5_Brands.ttf */,
				3BDF4A00657C451AB361DE42 /* FontAwesome5_Regular.ttf */,
				D50F7C183AD540C7B148A4C1 /* FontAwesome5_Solid.ttf */,
				B1E2649899FD4B8388259C3F /* Fontisto.ttf */,
				8298186ADDE74E5A849AD49C /* Foundation.ttf */,
				A0495B0BA6D54DB2955A4C17 /* Ionicons.ttf */,
				0FF4854FF88544148416ABE0 /* MaterialCommunityIcons.ttf */,
				FCDF3648B2314E04B7DF495F /* MaterialIcons.ttf */,
				60BA840BA6C248258F6934AB /* Octicons.ttf */,
				704D084573B14780A9F40BC3 /* SimpleLineIcons.ttf */,
				D6F19F0442A146ECBD78BA75 /* Zocial.ttf */,
				9329CFC856834B1E81C3A4DA /* Helvetica-Bold-Condensed.ttf */,
				1694AB14DB204E33BC15926F /* Helvetica-Bold.ttf */,
				6C1F14202EA74E8C9EDE1791 /* Helvetica-Light.ttf */,
				12DBED5CDE21444DBD7BFE81 /* Helvetica-Medium.ttf */,
				81FCFA6ED14A418BAE5EB80F /* HelveticaNeue Thin.ttf */,
				417C988FC1F54731BBE7C8B0 /* HelveticaNeueBd.ttf */,
				2CE65ABE16B24C2290FEAB7B /* HelveticaNeueHv.ttf */,
				AC405406CD254937B376FAB9 /* HelveticaNeueIt.ttf */,
				11DB01034C70427DB4E70164 /* HelveticaNeueLt.ttf */,
				547CB7A2B4C94A1FB4203C7D /* HelveticaNeueMed.ttf */,
			);
			name = Resources;
			sourceTree = "<group>";
			path = "";
		};
/* End PBXGroup section */

/* Begin PBXNativeTarget section */
		00E356ED1AD99517003FC87E /* fastbreaknewTests */ = {
			isa = PBXNativeTarget;
			buildConfigurationList = 00E357021AD99517003FC87E /* Build configuration list for PBXNativeTarget "fastbreaknewTests" */;
			buildPhases = (
				20F993290AC07394C1A1CC77 /* [CP] Check Pods Manifest.lock */,
				00E356EA1AD99517003FC87E /* Sources */,
				00E356EB1AD99517003FC87E /* Frameworks */,
				00E356EC1AD99517003FC87E /* Resources */,
			);
			buildRules = (
			);
			dependencies = (
				00E356F51AD99517003FC87E /* PBXTargetDependency */,
			);
			name = fastbreaknewTests;
			productName = fastbreaknewTests;
			productReference = 00E356EE1AD99517003FC87E /* fastbreaknewTests.xctest */;
			productType = "com.apple.product-type.bundle.unit-test";
		};
		13B07F861A680F5B00A75B9A /* fastbreaknew */ = {
			isa = PBXNativeTarget;
			buildConfigurationList = 13B07F931A680F5B00A75B9A /* Build configuration list for PBXNativeTarget "fastbreaknew" */;
			buildPhases = (
				4864E71EFDCBC7EEFB63E6DF /* [CP] Check Pods Manifest.lock */,
				FD10A7F022414F080027D42C /* Start Packager */,
				13B07F871A680F5B00A75B9A /* Sources */,
				13B07F8C1A680F5B00A75B9A /* Frameworks */,
				13B07F8E1A680F5B00A75B9A /* Resources */,
				00DD1BFF1BD5951E006B06BC /* Bundle React Native code and images */,
			);
			buildRules = (
			);
			dependencies = (
			);
			name = fastbreaknew;
			productName = fastbreaknew;
			productReference = 13B07F961A680F5B00A75B9A /* fastbreaknew.app */;
			productType = "com.apple.product-type.application";
		};
		2D02E47A1E0B4A5D006451C7 /* fastbreaknew-tvOS */ = {
			isa = PBXNativeTarget;
			buildConfigurationList = 2D02E4BA1E0B4A5E006451C7 /* Build configuration list for PBXNativeTarget "fastbreaknew-tvOS" */;
			buildPhases = (
				256EFC93BC9D1744E42BCE80 /* [CP] Check Pods Manifest.lock */,
				FD10A7F122414F3F0027D42C /* Start Packager */,
				2D02E4771E0B4A5D006451C7 /* Sources */,
				2D02E4781E0B4A5D006451C7 /* Frameworks */,
				2D02E4791E0B4A5D006451C7 /* Resources */,
				2D02E4CB1E0B4B27006451C7 /* Bundle React Native Code And Images */,
			);
			buildRules = (
			);
			dependencies = (
			);
			name = "fastbreaknew-tvOS";
			productName = "fastbreaknew-tvOS";
			productReference = 2D02E47B1E0B4A5D006451C7 /* fastbreaknew-tvOS.app */;
			productType = "com.apple.product-type.application";
		};
		2D02E48F1E0B4A5D006451C7 /* fastbreaknew-tvOSTests */ = {
			isa = PBXNativeTarget;
			buildConfigurationList = 2D02E4BB1E0B4A5E006451C7 /* Build configuration list for PBXNativeTarget "fastbreaknew-tvOSTests" */;
			buildPhases = (
				7C667E87715C76C00AAA70AF /* [CP] Check Pods Manifest.lock */,
				2D02E48C1E0B4A5D006451C7 /* Sources */,
				2D02E48D1E0B4A5D006451C7 /* Frameworks */,
				2D02E48E1E0B4A5D006451C7 /* Resources */,
			);
			buildRules = (
			);
			dependencies = (
				2D02E4921E0B4A5D006451C7 /* PBXTargetDependency */,
			);
			name = "fastbreaknew-tvOSTests";
			productName = "fastbreaknew-tvOSTests";
			productReference = 2D02E4901E0B4A5D006451C7 /* fastbreaknew-tvOSTests.xctest */;
			productType = "com.apple.product-type.bundle.unit-test";
		};
/* End PBXNativeTarget section */

/* Begin PBXProject section */
		83CBB9F71A601CBA00E9B192 /* Project object */ = {
			isa = PBXProject;
			attributes = {
				LastUpgradeCheck = 940;
				ORGANIZATIONNAME = Facebook;
				TargetAttributes = {
					00E356ED1AD99517003FC87E = {
						CreatedOnToolsVersion = 6.2;
						TestTargetID = 13B07F861A680F5B00A75B9A;
					};
					2D02E47A1E0B4A5D006451C7 = {
						CreatedOnToolsVersion = 8.2.1;
						ProvisioningStyle = Automatic;
					};
					2D02E48F1E0B4A5D006451C7 = {
						CreatedOnToolsVersion = 8.2.1;
						ProvisioningStyle = Automatic;
						TestTargetID = 2D02E47A1E0B4A5D006451C7;
					};
				};
			};
			buildConfigurationList = 83CBB9FA1A601CBA00E9B192 /* Build configuration list for PBXProject "fastbreaknew" */;
			compatibilityVersion = "Xcode 3.2";
			developmentRegion = English;
			hasScannedForEncodings = 0;
			knownRegions = (
				en,
				Base,
			);
			mainGroup = 83CBB9F61A601CBA00E9B192;
			productRefGroup = 83CBBA001A601CBA00E9B192 /* Products */;
			projectDirPath = "";
			projectRoot = "";
			targets = (
				13B07F861A680F5B00A75B9A /* fastbreaknew */,
				00E356ED1AD99517003FC87E /* fastbreaknewTests */,
				2D02E47A1E0B4A5D006451C7 /* fastbreaknew-tvOS */,
				2D02E48F1E0B4A5D006451C7 /* fastbreaknew-tvOSTests */,
			);
		};
/* End PBXProject section */

/* Begin PBXResourcesBuildPhase section */
		00E356EC1AD99517003FC87E /* Resources */ = {
			isa = PBXResourcesBuildPhase;
			buildActionMask = 2147483647;
			files = (
			);
			runOnlyForDeploymentPostprocessing = 0;
		};
		13B07F8E1A680F5B00A75B9A /* Resources */ = {
			isa = PBXResourcesBuildPhase;
			buildActionMask = 2147483647;
			files = (
				13B07FBF1A68108700A75B9A /* Images.xcassets in Resources */,
				13B07FBD1A68108700A75B9A /* LaunchScreen.xib in Resources */,
				7DB23A4E9970412F94764952 /* SF-Pro-Display-Black.otf in Resources */,
				268CE1BCD78148C08B8E2C13 /* SF-Pro-Display-BlackItalic.otf in Resources */,
				C9994929C6664E1CBEFFB0F6 /* SF-Pro-Display-Bold.otf in Resources */,
				A929601249FC478782D15703 /* SF-Pro-Display-BoldItalic.otf in Resources */,
				93953FFDDC714CFD87062887 /* SF-Pro-Display-Heavy.otf in Resources */,
				B6624609D5B041C0B3DA70C7 /* SF-Pro-Display-HeavyItalic.otf in Resources */,
				358CE8DC222644CEBB9911AE /* SF-Pro-Display-Light.otf in Resources */,
				2631907DDD6C4467B5C53604 /* SF-Pro-Display-LightItalic.otf in Resources */,
				C3BA001315F1451F8E3361C1 /* SF-Pro-Display-Medium.otf in Resources */,
				36C2FA64EFCE484B89C4744B /* SF-Pro-Display-MediumItalic.otf in Resources */,
				FC8AC5FC3874479EB5E78D8B /* SF-Pro-Display-Regular.otf in Resources */,
				2847A921F1DF42D693B298A6 /* SF-Pro-Display-RegularItalic.otf in Resources */,
				D6D3528EC8654EC2BD315AB0 /* SF-Pro-Display-Semibold.otf in Resources */,
				BA4108CE75BC4DC28FA2F3D4 /* SF-Pro-Display-SemiboldItalic.otf in Resources */,
				0B25382E87B548FDB3E9B6C6 /* SF-Pro-Display-Thin.otf in Resources */,
				7276C17868024E3A87330C27 /* SF-Pro-Display-ThinItalic.otf in Resources */,
				C20085EA67F44B508A903778 /* SF-Pro-Display-Ultralight.otf in Resources */,
				AD58CE4A482A436183183ACA /* SF-Pro-Display-UltralightItalic.otf in Resources */,
				1DB30396EC5C4A8DB0D1457F /* AntDesign.ttf in Resources */,
				5AF6BCB692FC4AAB9D716A32 /* Entypo.ttf in Resources */,
				5EAC435FF37C48D08F7D72C9 /* EvilIcons.ttf in Resources */,
				4CAF57BB50D54B19ADFB45D9 /* Feather.ttf in Resources */,
				7502F867C3464B8DBC22E24C /* FontAwesome.ttf in Resources */,
				0612E17EA8BB4033AAFB3A48 /* FontAwesome5_Brands.ttf in Resources */,
				CC952F6654364F4EA3ABA679 /* FontAwesome5_Regular.ttf in Resources */,
				861023A1EE23423C940F9EEC /* FontAwesome5_Solid.ttf in Resources */,
				405C14CBECF4422681773B13 /* Fontisto.ttf in Resources */,
				145BF0CC5D844BB1B3DA6B19 /* Foundation.ttf in Resources */,
				1ABA9A467FCC4201B921DAF1 /* Ionicons.ttf in Resources */,
				CE32DE5462604A5186FE64FB /* MaterialCommunityIcons.ttf in Resources */,
				73841D3EABBB443E8F3958E9 /* MaterialIcons.ttf in Resources */,
				5475C371B598478482EB6243 /* Octicons.ttf in Resources */,
				D4AE7F27C7EF40B9B876CA44 /* SimpleLineIcons.ttf in Resources */,
				4415E2F5B4E94C92BAD177D7 /* Zocial.ttf in Resources */,
				FB248044821A4F10ADAD5499 /* Helvetica-Bold-Condensed.ttf in Resources */,
				B006C0BABBC54D14A03F0D96 /* Helvetica-Bold.ttf in Resources */,
				0A593BAC26B44F31BCD57C8D /* Helvetica-Light.ttf in Resources */,
				3747A01D2F9E4250A8267903 /* Helvetica-Medium.ttf in Resources */,
				A133713D61FE49EF8FEEF193 /* HelveticaNeue Thin.ttf in Resources */,
				B3B653BE1674441B8C3BFF21 /* HelveticaNeueBd.ttf in Resources */,
				8C7707CADBB545E1AE4EAE64 /* HelveticaNeueHv.ttf in Resources */,
				F60AECF49A684CEBA7E1AF84 /* HelveticaNeueIt.ttf in Resources */,
				5B224A8CCF16409B938D4D70 /* HelveticaNeueLt.ttf in Resources */,
				7AC3BF483FA34B6987B1E0F2 /* HelveticaNeueMed.ttf in Resources */,
			);
			runOnlyForDeploymentPostprocessing = 0;
		};
		2D02E4791E0B4A5D006451C7 /* Resources */ = {
			isa = PBXResourcesBuildPhase;
			buildActionMask = 2147483647;
			files = (
				2D02E4BD1E0B4A84006451C7 /* Images.xcassets in Resources */,
			);
			runOnlyForDeploymentPostprocessing = 0;
		};
		2D02E48E1E0B4A5D006451C7 /* Resources */ = {
			isa = PBXResourcesBuildPhase;
			buildActionMask = 2147483647;
			files = (
			);
			runOnlyForDeploymentPostprocessing = 0;
		};
/* End PBXResourcesBuildPhase section */

/* Begin PBXShellScriptBuildPhase section */
		00DD1BFF1BD5951E006B06BC /* Bundle React Native code and images */ = {
			isa = PBXShellScriptBuildPhase;
			buildActionMask = 2147483647;
			files = (
			);
			inputPaths = (
			);
			name = "Bundle React Native code and images";
			outputPaths = (
			);
			runOnlyForDeploymentPostprocessing = 0;
			shellPath = /bin/sh;
			shellScript = "export NODE_BINARY=node\n../node_modules/react-native/scripts/react-native-xcode.sh";
		};
		20F993290AC07394C1A1CC77 /* [CP] Check Pods Manifest.lock */ = {
			isa = PBXShellScriptBuildPhase;
			buildActionMask = 2147483647;
			files = (
			);
			inputFileListPaths = (
			);
			inputPaths = (
				"${PODS_PODFILE_DIR_PATH}/Podfile.lock",
				"${PODS_ROOT}/Manifest.lock",
			);
			name = "[CP] Check Pods Manifest.lock";
			outputFileListPaths = (
			);
			outputPaths = (
				"$(DERIVED_FILE_DIR)/Pods-fastbreaknewTests-checkManifestLockResult.txt",
			);
			runOnlyForDeploymentPostprocessing = 0;
			shellPath = /bin/sh;
			shellScript = "diff \"${PODS_PODFILE_DIR_PATH}/Podfile.lock\" \"${PODS_ROOT}/Manifest.lock\" > /dev/null\nif [ $? != 0 ] ; then\n    # print error to STDERR\n    echo \"error: The sandbox is not in sync with the Podfile.lock. Run 'pod install' or update your CocoaPods installation.\" >&2\n    exit 1\nfi\n# This output is used by Xcode 'outputs' to avoid re-running this script phase.\necho \"SUCCESS\" > \"${SCRIPT_OUTPUT_FILE_0}\"\n";
			showEnvVarsInLog = 0;
		};
		256EFC93BC9D1744E42BCE80 /* [CP] Check Pods Manifest.lock */ = {
			isa = PBXShellScriptBuildPhase;
			buildActionMask = 2147483647;
			files = (
			);
			inputFileListPaths = (
			);
			inputPaths = (
				"${PODS_PODFILE_DIR_PATH}/Podfile.lock",
				"${PODS_ROOT}/Manifest.lock",
			);
			name = "[CP] Check Pods Manifest.lock";
			outputFileListPaths = (
			);
			outputPaths = (
				"$(DERIVED_FILE_DIR)/Pods-fastbreaknew-tvOS-checkManifestLockResult.txt",
			);
			runOnlyForDeploymentPostprocessing = 0;
			shellPath = /bin/sh;
			shellScript = "diff \"${PODS_PODFILE_DIR_PATH}/Podfile.lock\" \"${PODS_ROOT}/Manifest.lock\" > /dev/null\nif [ $? != 0 ] ; then\n    # print error to STDERR\n    echo \"error: The sandbox is not in sync with the Podfile.lock. Run 'pod install' or update your CocoaPods installation.\" >&2\n    exit 1\nfi\n# This output is used by Xcode 'outputs' to avoid re-running this script phase.\necho \"SUCCESS\" > \"${SCRIPT_OUTPUT_FILE_0}\"\n";
			showEnvVarsInLog = 0;
		};
		2D02E4CB1E0B4B27006451C7 /* Bundle React Native Code And Images */ = {
			isa = PBXShellScriptBuildPhase;
			buildActionMask = 2147483647;
			files = (
			);
			inputPaths = (
			);
			name = "Bundle React Native Code And Images";
			outputPaths = (
			);
			runOnlyForDeploymentPostprocessing = 0;
			shellPath = /bin/sh;
			shellScript = "export NODE_BINARY=node\n../node_modules/react-native/scripts/react-native-xcode.sh";
		};
		4864E71EFDCBC7EEFB63E6DF /* [CP] Check Pods Manifest.lock */ = {
			isa = PBXShellScriptBuildPhase;
			buildActionMask = 2147483647;
			files = (
			);
			inputFileListPaths = (
			);
			inputPaths = (
				"${PODS_PODFILE_DIR_PATH}/Podfile.lock",
				"${PODS_ROOT}/Manifest.lock",
			);
			name = "[CP] Check Pods Manifest.lock";
			outputFileListPaths = (
			);
			outputPaths = (
				"$(DERIVED_FILE_DIR)/Pods-fastbreaknew-checkManifestLockResult.txt",
			);
			runOnlyForDeploymentPostprocessing = 0;
			shellPath = /bin/sh;
			shellScript = "diff \"${PODS_PODFILE_DIR_PATH}/Podfile.lock\" \"${PODS_ROOT}/Manifest.lock\" > /dev/null\nif [ $? != 0 ] ; then\n    # print error to STDERR\n    echo \"error: The sandbox is not in sync with the Podfile.lock. Run 'pod install' or update your CocoaPods installation.\" >&2\n    exit 1\nfi\n# This output is used by Xcode 'outputs' to avoid re-running this script phase.\necho \"SUCCESS\" > \"${SCRIPT_OUTPUT_FILE_0}\"\n";
			showEnvVarsInLog = 0;
		};
		7C667E87715C76C00AAA70AF /* [CP] Check Pods Manifest.lock */ = {
			isa = PBXShellScriptBuildPhase;
			buildActionMask = 2147483647;
			files = (
			);
			inputFileListPaths = (
			);
			inputPaths = (
				"${PODS_PODFILE_DIR_PATH}/Podfile.lock",
				"${PODS_ROOT}/Manifest.lock",
			);
			name = "[CP] Check Pods Manifest.lock";
			outputFileListPaths = (
			);
			outputPaths = (
				"$(DERIVED_FILE_DIR)/Pods-fastbreaknew-tvOSTests-checkManifestLockResult.txt",
			);
			runOnlyForDeploymentPostprocessing = 0;
			shellPath = /bin/sh;
			shellScript = "diff \"${PODS_PODFILE_DIR_PATH}/Podfile.lock\" \"${PODS_ROOT}/Manifest.lock\" > /dev/null\nif [ $? != 0 ] ; then\n    # print error to STDERR\n    echo \"error: The sandbox is not in sync with the Podfile.lock. Run 'pod install' or update your CocoaPods installation.\" >&2\n    exit 1\nfi\n# This output is used by Xcode 'outputs' to avoid re-running this script phase.\necho \"SUCCESS\" > \"${SCRIPT_OUTPUT_FILE_0}\"\n";
			showEnvVarsInLog = 0;
		};
		FD10A7F022414F080027D42C /* Start Packager */ = {
			isa = PBXShellScriptBuildPhase;
			buildActionMask = 2147483647;
			files = (
			);
			inputFileListPaths = (
			);
			inputPaths = (
			);
			name = "Start Packager";
			outputFileListPaths = (
			);
			outputPaths = (
			);
			runOnlyForDeploymentPostprocessing = 0;
			shellPath = /bin/sh;
			shellScript = "export RCT_METRO_PORT=\"${RCT_METRO_PORT:=8081}\"\necho \"export RCT_METRO_PORT=${RCT_METRO_PORT}\" > \"${SRCROOT}/../node_modules/react-native/scripts/.packager.env\"\nif [ -z \"${RCT_NO_LAUNCH_PACKAGER+xxx}\" ] ; then\n  if nc -w 5 -z localhost ${RCT_METRO_PORT} ; then\n    if ! curl -s \"http://localhost:${RCT_METRO_PORT}/status\" | grep -q \"packager-status:running\" ; then\n      echo \"Port ${RCT_METRO_PORT} already in use, packager is either not running or not running correctly\"\n      exit 2\n    fi\n  else\n    open \"$SRCROOT/../node_modules/react-native/scripts/launchPackager.command\" || echo \"Can't start packager automatically\"\n  fi\nfi\n";
			showEnvVarsInLog = 0;
		};
		FD10A7F122414F3F0027D42C /* Start Packager */ = {
			isa = PBXShellScriptBuildPhase;
			buildActionMask = 2147483647;
			files = (
			);
			inputFileListPaths = (
			);
			inputPaths = (
			);
			name = "Start Packager";
			outputFileListPaths = (
			);
			outputPaths = (
			);
			runOnlyForDeploymentPostprocessing = 0;
			shellPath = /bin/sh;
			shellScript = "export RCT_METRO_PORT=\"${RCT_METRO_PORT:=8081}\"\necho \"export RCT_METRO_PORT=${RCT_METRO_PORT}\" > \"${SRCROOT}/../node_modules/react-native/scripts/.packager.env\"\nif [ -z \"${RCT_NO_LAUNCH_PACKAGER+xxx}\" ] ; then\n  if nc -w 5 -z localhost ${RCT_METRO_PORT} ; then\n    if ! curl -s \"http://localhost:${RCT_METRO_PORT}/status\" | grep -q \"packager-status:running\" ; then\n      echo \"Port ${RCT_METRO_PORT} already in use, packager is either not running or not running correctly\"\n      exit 2\n    fi\n  else\n    open \"$SRCROOT/../node_modules/react-native/scripts/launchPackager.command\" || echo \"Can't start packager automatically\"\n  fi\nfi\n";
			showEnvVarsInLog = 0;
		};
/* End PBXShellScriptBuildPhase section */

/* Begin PBXSourcesBuildPhase section */
		00E356EA1AD99517003FC87E /* Sources */ = {
			isa = PBXSourcesBuildPhase;
			buildActionMask = 2147483647;
			files = (
				00E356F31AD99517003FC87E /* fastbreaknewTests.m in Sources */,
			);
			runOnlyForDeploymentPostprocessing = 0;
		};
		13B07F871A680F5B00A75B9A /* Sources */ = {
			isa = PBXSourcesBuildPhase;
			buildActionMask = 2147483647;
			files = (
				13B07FBC1A68108700A75B9A /* AppDelegate.m in Sources */,
				13B07FC11A68108700A75B9A /* main.m in Sources */,
			);
			runOnlyForDeploymentPostprocessing = 0;
		};
		2D02E4771E0B4A5D006451C7 /* Sources */ = {
			isa = PBXSourcesBuildPhase;
			buildActionMask = 2147483647;
			files = (
				2D02E4BF1E0B4AB3006451C7 /* main.m in Sources */,
				2D02E4BC1E0B4A80006451C7 /* AppDelegate.m in Sources */,
			);
			runOnlyForDeploymentPostprocessing = 0;
		};
		2D02E48C1E0B4A5D006451C7 /* Sources */ = {
			isa = PBXSourcesBuildPhase;
			buildActionMask = 2147483647;
			files = (
				2DCD954D1E0B4F2C00145EB5 /* fastbreaknewTests.m in Sources */,
			);
			runOnlyForDeploymentPostprocessing = 0;
		};
/* End PBXSourcesBuildPhase section */

/* Begin PBXTargetDependency section */
		00E356F51AD99517003FC87E /* PBXTargetDependency */ = {
			isa = PBXTargetDependency;
			target = 13B07F861A680F5B00A75B9A /* fastbreaknew */;
			targetProxy = 00E356F41AD99517003FC87E /* PBXContainerItemProxy */;
		};
		2D02E4921E0B4A5D006451C7 /* PBXTargetDependency */ = {
			isa = PBXTargetDependency;
			target = 2D02E47A1E0B4A5D006451C7 /* fastbreaknew-tvOS */;
			targetProxy = 2D02E4911E0B4A5D006451C7 /* PBXContainerItemProxy */;
		};
/* End PBXTargetDependency section */

/* Begin PBXVariantGroup section */
		13B07FB11A68108700A75B9A /* LaunchScreen.xib */ = {
			isa = PBXVariantGroup;
			children = (
				13B07FB21A68108700A75B9A /* Base */,
			);
			name = LaunchScreen.xib;
			path = fastbreaknew;
			sourceTree = "<group>";
		};
/* End PBXVariantGroup section */

/* Begin XCBuildConfiguration section */
		00E356F61AD99517003FC87E /* Debug */ = {
			isa = XCBuildConfiguration;
			baseConfigurationReference = DEE443891A71FCC576A0F96C /* Pods-fastbreaknewTests.debug.xcconfig */;
			buildSettings = {
				BUNDLE_LOADER = "$(TEST_HOST)";
				GCC_PREPROCESSOR_DEFINITIONS = (
					"DEBUG=1",
					"$(inherited)",
				);
				INFOPLIST_FILE = fastbreaknewTests/Info.plist;
				IPHONEOS_DEPLOYMENT_TARGET = 9.0;
				LD_RUNPATH_SEARCH_PATHS = "$(inherited) @executable_path/Frameworks @loader_path/Frameworks";
				OTHER_LDFLAGS = (
					"-ObjC",
					"-lc++",
					"$(inherited)",
				);
				PRODUCT_BUNDLE_IDENTIFIER = "org.reactjs.native.example.$(PRODUCT_NAME:rfc1034identifier)";
				PRODUCT_NAME = "$(TARGET_NAME)";
				TEST_HOST = "$(BUILT_PRODUCTS_DIR)/fastbreaknew.app/fastbreaknew";
			};
			name = Debug;
		};
		00E356F71AD99517003FC87E /* Release */ = {
			isa = XCBuildConfiguration;
			baseConfigurationReference = 30B4713FCC6755829AABE5F7 /* Pods-fastbreaknewTests.release.xcconfig */;
			buildSettings = {
				BUNDLE_LOADER = "$(TEST_HOST)";
				COPY_PHASE_STRIP = NO;
				INFOPLIST_FILE = fastbreaknewTests/Info.plist;
				IPHONEOS_DEPLOYMENT_TARGET = 9.0;
				LD_RUNPATH_SEARCH_PATHS = "$(inherited) @executable_path/Frameworks @loader_path/Frameworks";
				OTHER_LDFLAGS = (
					"-ObjC",
					"-lc++",
					"$(inherited)",
				);
				PRODUCT_BUNDLE_IDENTIFIER = "org.reactjs.native.example.$(PRODUCT_NAME:rfc1034identifier)";
				PRODUCT_NAME = "$(TARGET_NAME)";
				TEST_HOST = "$(BUILT_PRODUCTS_DIR)/fastbreaknew.app/fastbreaknew";
			};
			name = Release;
		};
		13B07F941A680F5B00A75B9A /* Debug */ = {
			isa = XCBuildConfiguration;
			baseConfigurationReference = 1D3764B7029CC50548071A35 /* Pods-fastbreaknew.debug.xcconfig */;
			buildSettings = {
				ASSETCATALOG_COMPILER_APPICON_NAME = AppIcon;
				CURRENT_PROJECT_VERSION = 1;
				DEAD_CODE_STRIPPING = NO;
				INFOPLIST_FILE = fastbreaknew/Info.plist;
				LD_RUNPATH_SEARCH_PATHS = "$(inherited) @executable_path/Frameworks";
				OTHER_LDFLAGS = (
					"$(inherited)",
					"-ObjC",
					"-lc++",
				);
				PRODUCT_BUNDLE_IDENTIFIER = "org.reactjs.native.example.$(PRODUCT_NAME:rfc1034identifier)";
				PRODUCT_NAME = fastbreaknew;
				VERSIONING_SYSTEM = "apple-generic";
			};
			name = Debug;
		};
		13B07F951A680F5B00A75B9A /* Release */ = {
			isa = XCBuildConfiguration;
			baseConfigurationReference = 15154C6547C214CE4D1989AC /* Pods-fastbreaknew.release.xcconfig */;
			buildSettings = {
				ASSETCATALOG_COMPILER_APPICON_NAME = AppIcon;
				CURRENT_PROJECT_VERSION = 1;
				INFOPLIST_FILE = fastbreaknew/Info.plist;
				LD_RUNPATH_SEARCH_PATHS = "$(inherited) @executable_path/Frameworks";
				OTHER_LDFLAGS = (
					"$(inherited)",
					"-ObjC",
					"-lc++",
				);
				PRODUCT_BUNDLE_IDENTIFIER = "org.reactjs.native.example.$(PRODUCT_NAME:rfc1034identifier)";
				PRODUCT_NAME = fastbreaknew;
				VERSIONING_SYSTEM = "apple-generic";
			};
			name = Release;
		};
		2D02E4971E0B4A5E006451C7 /* Debug */ = {
			isa = XCBuildConfiguration;
			baseConfigurationReference = D8E1BD2612E0D3EEA4CD0A20 /* Pods-fastbreaknew-tvOS.debug.xcconfig */;
			buildSettings = {
				ASSETCATALOG_COMPILER_APPICON_NAME = "App Icon & Top Shelf Image";
				ASSETCATALOG_COMPILER_LAUNCHIMAGE_NAME = LaunchImage;
				CLANG_ANALYZER_NONNULL = YES;
				CLANG_WARN_DOCUMENTATION_COMMENTS = YES;
				CLANG_WARN_INFINITE_RECURSION = YES;
				CLANG_WARN_SUSPICIOUS_MOVE = YES;
				DEBUG_INFORMATION_FORMAT = dwarf;
				ENABLE_TESTABILITY = YES;
				GCC_NO_COMMON_BLOCKS = YES;
				INFOPLIST_FILE = "fastbreaknew-tvOS/Info.plist";
				LD_RUNPATH_SEARCH_PATHS = "$(inherited) @executable_path/Frameworks";
				OTHER_LDFLAGS = (
					"$(inherited)",
					"-ObjC",
					"-lc++",
				);
				PRODUCT_BUNDLE_IDENTIFIER = "com.facebook.REACT.fastbreaknew-tvOS";
				PRODUCT_NAME = "$(TARGET_NAME)";
				SDKROOT = appletvos;
				TARGETED_DEVICE_FAMILY = 3;
				TVOS_DEPLOYMENT_TARGET = 9.2;
			};
			name = Debug;
		};
		2D02E4981E0B4A5E006451C7 /* Release */ = {
			isa = XCBuildConfiguration;
			baseConfigurationReference = 62D3E5D3AEBC2E442D11016A /* Pods-fastbreaknew-tvOS.release.xcconfig */;
			buildSettings = {
				ASSETCATALOG_COMPILER_APPICON_NAME = "App Icon & Top Shelf Image";
				ASSETCATALOG_COMPILER_LAUNCHIMAGE_NAME = LaunchImage;
				CLANG_ANALYZER_NONNULL = YES;
				CLANG_WARN_DOCUMENTATION_COMMENTS = YES;
				CLANG_WARN_INFINITE_RECURSION = YES;
				CLANG_WARN_SUSPICIOUS_MOVE = YES;
				COPY_PHASE_STRIP = NO;
				DEBUG_INFORMATION_FORMAT = "dwarf-with-dsym";
				GCC_NO_COMMON_BLOCKS = YES;
				INFOPLIST_FILE = "fastbreaknew-tvOS/Info.plist";
				LD_RUNPATH_SEARCH_PATHS = "$(inherited) @executable_path/Frameworks";
				OTHER_LDFLAGS = (
					"$(inherited)",
					"-ObjC",
					"-lc++",
				);
				PRODUCT_BUNDLE_IDENTIFIER = "com.facebook.REACT.fastbreaknew-tvOS";
				PRODUCT_NAME = "$(TARGET_NAME)";
				SDKROOT = appletvos;
				TARGETED_DEVICE_FAMILY = 3;
				TVOS_DEPLOYMENT_TARGET = 9.2;
			};
			name = Release;
		};
		2D02E4991E0B4A5E006451C7 /* Debug */ = {
			isa = XCBuildConfiguration;
			baseConfigurationReference = 5A13B0CB64B7BFDA8BA91CB1 /* Pods-fastbreaknew-tvOSTests.debug.xcconfig */;
			buildSettings = {
				BUNDLE_LOADER = "$(TEST_HOST)";
				CLANG_ANALYZER_NONNULL = YES;
				CLANG_WARN_DOCUMENTATION_COMMENTS = YES;
				CLANG_WARN_INFINITE_RECURSION = YES;
				CLANG_WARN_SUSPICIOUS_MOVE = YES;
				DEBUG_INFORMATION_FORMAT = dwarf;
				ENABLE_TESTABILITY = YES;
				GCC_NO_COMMON_BLOCKS = YES;
				INFOPLIST_FILE = "fastbreaknew-tvOSTests/Info.plist";
				LD_RUNPATH_SEARCH_PATHS = "$(inherited) @executable_path/Frameworks @loader_path/Frameworks";
				OTHER_LDFLAGS = (
					"$(inherited)",
					"-ObjC",
					"-lc++",
				);
				PRODUCT_BUNDLE_IDENTIFIER = "com.facebook.REACT.fastbreaknew-tvOSTests";
				PRODUCT_NAME = "$(TARGET_NAME)";
				SDKROOT = appletvos;
				TEST_HOST = "$(BUILT_PRODUCTS_DIR)/fastbreaknew-tvOS.app/fastbreaknew-tvOS";
				TVOS_DEPLOYMENT_TARGET = 10.1;
			};
			name = Debug;
		};
		2D02E49A1E0B4A5E006451C7 /* Release */ = {
			isa = XCBuildConfiguration;
			baseConfigurationReference = B484898EB69422BBFEA8E415 /* Pods-fastbreaknew-tvOSTests.release.xcconfig */;
			buildSettings = {
				BUNDLE_LOADER = "$(TEST_HOST)";
				CLANG_ANALYZER_NONNULL = YES;
				CLANG_WARN_DOCUMENTATION_COMMENTS = YES;
				CLANG_WARN_INFINITE_RECURSION = YES;
				CLANG_WARN_SUSPICIOUS_MOVE = YES;
				COPY_PHASE_STRIP = NO;
				DEBUG_INFORMATION_FORMAT = "dwarf-with-dsym";
				GCC_NO_COMMON_BLOCKS = YES;
				INFOPLIST_FILE = "fastbreaknew-tvOSTests/Info.plist";
				LD_RUNPATH_SEARCH_PATHS = "$(inherited) @executable_path/Frameworks @loader_path/Frameworks";
				OTHER_LDFLAGS = (
					"$(inherited)",
					"-ObjC",
					"-lc++",
				);
				PRODUCT_BUNDLE_IDENTIFIER = "com.facebook.REACT.fastbreaknew-tvOSTests";
				PRODUCT_NAME = "$(TARGET_NAME)";
				SDKROOT = appletvos;
				TEST_HOST = "$(BUILT_PRODUCTS_DIR)/fastbreaknew-tvOS.app/fastbreaknew-tvOS";
				TVOS_DEPLOYMENT_TARGET = 10.1;
			};
			name = Release;
		};
		83CBBA201A601CBA00E9B192 /* Debug */ = {
			isa = XCBuildConfiguration;
			buildSettings = {
				ALWAYS_SEARCH_USER_PATHS = NO;
				CLANG_CXX_LANGUAGE_STANDARD = "gnu++0x";
				CLANG_CXX_LIBRARY = "libc++";
				CLANG_ENABLE_MODULES = YES;
				CLANG_ENABLE_OBJC_ARC = YES;
				CLANG_WARN_BLOCK_CAPTURE_AUTORELEASING = YES;
				CLANG_WARN_BOOL_CONVERSION = YES;
				CLANG_WARN_COMMA = YES;
				CLANG_WARN_CONSTANT_CONVERSION = YES;
				CLANG_WARN_DEPRECATED_OBJC_IMPLEMENTATIONS = YES;
				CLANG_WARN_DIRECT_OBJC_ISA_USAGE = YES_ERROR;
				CLANG_WARN_EMPTY_BODY = YES;
				CLANG_WARN_ENUM_CONVERSION = YES;
				CLANG_WARN_INFINITE_RECURSION = YES;
				CLANG_WARN_INT_CONVERSION = YES;
				CLANG_WARN_NON_LITERAL_NULL_CONVERSION = YES;
				CLANG_WARN_OBJC_IMPLICIT_RETAIN_SELF = YES;
				CLANG_WARN_OBJC_LITERAL_CONVERSION = YES;
				CLANG_WARN_OBJC_ROOT_CLASS = YES_ERROR;
				CLANG_WARN_RANGE_LOOP_ANALYSIS = YES;
				CLANG_WARN_STRICT_PROTOTYPES = YES;
				CLANG_WARN_SUSPICIOUS_MOVE = YES;
				CLANG_WARN_UNREACHABLE_CODE = YES;
				CLANG_WARN__DUPLICATE_METHOD_MATCH = YES;
				"CODE_SIGN_IDENTITY[sdk=iphoneos*]" = "iPhone Developer";
				COPY_PHASE_STRIP = NO;
				ENABLE_STRICT_OBJC_MSGSEND = YES;
				ENABLE_TESTABILITY = YES;
				GCC_C_LANGUAGE_STANDARD = gnu99;
				GCC_DYNAMIC_NO_PIC = NO;
				GCC_NO_COMMON_BLOCKS = YES;
				GCC_OPTIMIZATION_LEVEL = 0;
				GCC_PREPROCESSOR_DEFINITIONS = (
					"DEBUG=1",
					"$(inherited)",
				);
				GCC_SYMBOLS_PRIVATE_EXTERN = NO;
				GCC_WARN_64_TO_32_BIT_CONVERSION = YES;
				GCC_WARN_ABOUT_RETURN_TYPE = YES_ERROR;
				GCC_WARN_UNDECLARED_SELECTOR = YES;
				GCC_WARN_UNINITIALIZED_AUTOS = YES_AGGRESSIVE;
				GCC_WARN_UNUSED_FUNCTION = YES;
				GCC_WARN_UNUSED_VARIABLE = YES;
				IPHONEOS_DEPLOYMENT_TARGET = 9.0;
				MTL_ENABLE_DEBUG_INFO = YES;
				ONLY_ACTIVE_ARCH = YES;
				SDKROOT = iphoneos;
			};
			name = Debug;
		};
		83CBBA211A601CBA00E9B192 /* Release */ = {
			isa = XCBuildConfiguration;
			buildSettings = {
				ALWAYS_SEARCH_USER_PATHS = NO;
				CLANG_CXX_LANGUAGE_STANDARD = "gnu++0x";
				CLANG_CXX_LIBRARY = "libc++";
				CLANG_ENABLE_MODULES = YES;
				CLANG_ENABLE_OBJC_ARC = YES;
				CLANG_WARN_BLOCK_CAPTURE_AUTORELEASING = YES;
				CLANG_WARN_BOOL_CONVERSION = YES;
				CLANG_WARN_COMMA = YES;
				CLANG_WARN_CONSTANT_CONVERSION = YES;
				CLANG_WARN_DEPRECATED_OBJC_IMPLEMENTATIONS = YES;
				CLANG_WARN_DIRECT_OBJC_ISA_USAGE = YES_ERROR;
				CLANG_WARN_EMPTY_BODY = YES;
				CLANG_WARN_ENUM_CONVERSION = YES;
				CLANG_WARN_INFINITE_RECURSION = YES;
				CLANG_WARN_INT_CONVERSION = YES;
				CLANG_WARN_NON_LITERAL_NULL_CONVERSION = YES;
				CLANG_WARN_OBJC_IMPLICIT_RETAIN_SELF = YES;
				CLANG_WARN_OBJC_LITERAL_CONVERSION = YES;
				CLANG_WARN_OBJC_ROOT_CLASS = YES_ERROR;
				CLANG_WARN_RANGE_LOOP_ANALYSIS = YES;
				CLANG_WARN_STRICT_PROTOTYPES = YES;
				CLANG_WARN_SUSPICIOUS_MOVE = YES;
				CLANG_WARN_UNREACHABLE_CODE = YES;
				CLANG_WARN__DUPLICATE_METHOD_MATCH = YES;
				"CODE_SIGN_IDENTITY[sdk=iphoneos*]" = "iPhone Developer";
				COPY_PHASE_STRIP = YES;
				ENABLE_NS_ASSERTIONS = NO;
				ENABLE_STRICT_OBJC_MSGSEND = YES;
				GCC_C_LANGUAGE_STANDARD = gnu99;
				GCC_NO_COMMON_BLOCKS = YES;
				GCC_WARN_64_TO_32_BIT_CONVERSION = YES;
				GCC_WARN_ABOUT_RETURN_TYPE = YES_ERROR;
				GCC_WARN_UNDECLARED_SELECTOR = YES;
				GCC_WARN_UNINITIALIZED_AUTOS = YES_AGGRESSIVE;
				GCC_WARN_UNUSED_FUNCTION = YES;
				GCC_WARN_UNUSED_VARIABLE = YES;
				IPHONEOS_DEPLOYMENT_TARGET = 9.0;
				MTL_ENABLE_DEBUG_INFO = NO;
				SDKROOT = iphoneos;
				VALIDATE_PRODUCT = YES;
			};
			name = Release;
		};
/* End XCBuildConfiguration section */

/* Begin XCConfigurationList section */
		00E357021AD99517003FC87E /* Build configuration list for PBXNativeTarget "fastbreaknewTests" */ = {
			isa = XCConfigurationList;
			buildConfigurations = (
				00E356F61AD99517003FC87E /* Debug */,
				00E356F71AD99517003FC87E /* Release */,
			);
			defaultConfigurationIsVisible = 0;
			defaultConfigurationName = Release;
		};
		13B07F931A680F5B00A75B9A /* Build configuration list for PBXNativeTarget "fastbreaknew" */ = {
			isa = XCConfigurationList;
			buildConfigurations = (
				13B07F941A680F5B00A75B9A /* Debug */,
				13B07F951A680F5B00A75B9A /* Release */,
			);
			defaultConfigurationIsVisible = 0;
			defaultConfigurationName = Release;
		};
		2D02E4BA1E0B4A5E006451C7 /* Build configuration list for PBXNativeTarget "fastbreaknew-tvOS" */ = {
			isa = XCConfigurationList;
			buildConfigurations = (
				2D02E4971E0B4A5E006451C7 /* Debug */,
				2D02E4981E0B4A5E006451C7 /* Release */,
			);
			defaultConfigurationIsVisible = 0;
			defaultConfigurationName = Release;
		};
		2D02E4BB1E0B4A5E006451C7 /* Build configuration list for PBXNativeTarget "fastbreaknew-tvOSTests" */ = {
			isa = XCConfigurationList;
			buildConfigurations = (
				2D02E4991E0B4A5E006451C7 /* Debug */,
				2D02E49A1E0B4A5E006451C7 /* Release */,
			);
			defaultConfigurationIsVisible = 0;
			defaultConfigurationName = Release;
		};
		83CBB9FA1A601CBA00E9B192 /* Build configuration list for PBXProject "fastbreaknew" */ = {
			isa = XCConfigurationList;
			buildConfigurations = (
				83CBBA201A601CBA00E9B192 /* Debug */,
				83CBBA211A601CBA00E9B192 /* Release */,
			);
			defaultConfigurationIsVisible = 0;
			defaultConfigurationName = Release;
		};
/* End XCConfigurationList section */
	};
	rootObject = 83CBB9F71A601CBA00E9B192 /* Project object */;
}
